
Microsoft Visual Studio Solution File, Format Version 12.00
# Visual Studio Version 17
VisualStudioVersion = 17.0.31903.59
MinimumVisualStudioVersion = 10.0.40219.1
Project("{2150E333-8FDC-42A3-9474-1A3956D46DE8}") = "Solution Files", "Solution Files", "{3B76C084-10FC-4B0E-BC67-906DB39FED4C}"
	ProjectSection(SolutionItems) = preProject
		.dockerignore = .dockerignore
		.gitattributes = .gitattributes
		.gitignore = .gitignore
		git-sync-from-main-to-develop.bat = git-sync-from-main-to-develop.bat
		README.md = README.md
		repository.json = repository.json
	EndProjectSection
EndProject
Project("{D954291E-2A0B-460D-934E-DC6B0785DB48}") = "RabbitMQ", "RabbitMQ\RabbitMQ.shproj", "{42109E44-D3E9-4F8A-8BBA-3EF640945D9F}"
EndProject
Project("{2150E333-8FDC-42A3-9474-1A3956D46DE8}") = "RabbitMQ", "RabbitMQ", "{3101A349-6FA1-400B-91BF-FA81564A58FF}"
EndProject
Project("{D954291E-2A0B-460D-934E-DC6B0785DB48}") = "Workflows", ".github\workflows\Workflows.shproj", "{F32BEF7A-A987-4F52-B687-1BB527C8F51B}"
EndProject
Project("{2150E333-8FDC-42A3-9474-1A3956D46DE8}") = "Github", "Github", "{F93ACCB4-3FCE-4220-8B14-0F6634B7DB46}"
EndProject
Project("{2150E333-8FDC-42A3-9474-1A3956D46DE8}") = "Solution Items", "Solution Items", "{60DD3AA0-A359-476E-87AB-23ECB6D900A2}"
	ProjectSection(SolutionItems) = preProject
		.editorconfig = .editorconfig
	EndProjectSection
EndProject
Project("{54A90642-561A-4BB1-A94E-469ADEE60C69}") = "HttpInfo", "HttpInfo\HttpInfo.esproj", "{B4886E1F-7B5B-41EA-9B91-81B0110246FA}"
EndProject
Global
	GlobalSection(SolutionConfigurationPlatforms) = preSolution
		Debug|Any CPU = Debug|Any CPU
		Release|Any CPU = Release|Any CPU
	EndGlobalSection
	GlobalSection(ProjectConfigurationPlatforms) = postSolution
		{B4886E1F-7B5B-41EA-9B91-81B0110246FA}.Debug|Any CPU.ActiveCfg = Debug|Any CPU
		{B4886E1F-7B5B-41EA-9B91-81B0110246FA}.Debug|Any CPU.Build.0 = Debug|Any CPU
		{B4886E1F-7B5B-41EA-9B91-81B0110246FA}.Debug|Any CPU.Deploy.0 = Debug|Any CPU
		{B4886E1F-7B5B-41EA-9B91-81B0110246FA}.Release|Any CPU.ActiveCfg = Release|Any CPU
		{B4886E1F-7B5B-41EA-9B91-81B0110246FA}.Release|Any CPU.Build.0 = Release|Any CPU
		{B4886E1F-7B5B-41EA-9B91-81B0110246FA}.Release|Any CPU.Deploy.0 = Release|Any CPU
	EndGlobalSection
	GlobalSection(SolutionProperties) = preSolution
		HideSolutionNode = FALSE
	EndGlobalSection
	GlobalSection(NestedProjects) = preSolution
		{42109E44-D3E9-4F8A-8BBA-3EF640945D9F} = {3101A349-6FA1-400B-91BF-FA81564A58FF}
		{F32BEF7A-A987-4F52-B687-1BB527C8F51B} = {F93ACCB4-3FCE-4220-8B14-0F6634B7DB46}
	EndGlobalSection
	GlobalSection(ExtensibilityGlobals) = postSolution
		SolutionGuid = {41DE1BC8-F2C9-48C0-B155-D050F3E13500}
	EndGlobalSection
	GlobalSection(SharedMSBuildProjectFiles) = preSolution
		RabbitMQ\RabbitMQ.projitems*{42109e44-d3e9-4f8a-8bba-3ef640945d9f}*SharedItemsImports = 13
		.github\workflows\workflows.projitems*{f32bef7a-a987-4f52-b687-1bb527c8f51b}*SharedItemsImports = 13
	EndGlobalSection
EndGlobal
